PODS:
  - BAFluidView (0.2.5)
  - Expecta (1.0.6)
  - Specta (1.0.7)

DEPENDENCIES:
  - BAFluidView (from `../`)
  - Expecta
  - Specta

SPEC REPOS:
  https://github.com/CocoaPods/Specs.git:
    - Expecta
    - Specta

EXTERNAL SOURCES:
  BAFluidView:
    :path: "../"

SPEC CHECKSUMS:
  BAFluidView: 0e57156c049454042bf44c017e46785451b81cf1
  Expecta: 3b6bd90a64b9a1dcb0b70aa0e10a7f8f631667d5
  Specta: 3e1bd89c3517421982dc4d1c992503e48bd5fe66

PODFILE CHECKSUM: 0c1db53f06ffa171373868029bec803ac2fc2898

COCOAPODS: 1.8.4
